
Microsoft Visual Studio Solution File, Format Version 12.00
# Visual Studio Version 17
VisualStudioVersion = 17.8.34330.188
MinimumVisualStudioVersion = 10.0.40219.1
Project("{FAE04EC0-301F-11D3-BF4B-00C04F79EFBC}") = "ISportApp", "ISportApp\ISportApp.csproj", "{A92737D3-8AC7-4F26-9F33-18B70BAEFFC8}"
EndProject
Global
	GlobalSection(SolutionConfigurationPlatforms) = preSolution
		Debug|Any CPU = Debug|Any CPU
		Release|Any CPU = Release|Any CPU
	EndGlobalSection
	GlobalSection(ProjectConfigurationPlatforms) = postSolution
		{A92737D3-8AC7-4F26-9F33-18B70BAEFFC8}.Debug|Any CPU.ActiveCfg = Debug|Any CPU
		{A92737D3-8AC7-4F26-9F33-18B70BAEFFC8}.Debug|Any CPU.Build.0 = Debug|Any CPU
		{A92737D3-8AC7-4F26-9F33-18B70BAEFFC8}.Debug|Any CPU.Deploy.0 = Debug|Any CPU
		{A92737D3-8AC7-4F26-9F33-18B70BAEFFC8}.Release|Any CPU.ActiveCfg = Release|Any CPU
		{A92737D3-8AC7-4F26-9F33-18B70BAEFFC8}.Release|Any CPU.Build.0 = Release|Any CPU
		{A92737D3-8AC7-4F26-9F33-18B70BAEFFC8}.Release|Any CPU.Deploy.0 = Release|Any CPU
	EndGlobalSection
	GlobalSection(SolutionProperties) = preSolution
		HideSolutionNode = FALSE
	EndGlobalSection
	GlobalSection(ExtensibilityGlobals) = postSolution
		SolutionGuid = {8B7AADBA-D5DD-44F9-9729-6C83DF8A80CC}
	EndGlobalSection
EndGlobal
